
Microsoft Visual Studio Solution File, Format Version 12.00
# Visual Studio 2013
VisualStudioVersion = 12.0.21005.1
MinimumVisualStudioVersion = 10.0.40219.1
Project("{FAE04EC0-301F-11D3-BF4B-00C04F79EFBC}") = "Application", "Application\Application.csproj", "{69D89638-DC76-4192-9863-6F52EBB8A5BF}"
EndProject
Project("{FAE04EC0-301F-11D3-BF4B-00C04F79EFBC}") = "Application.Unittests", "Application.Unittests\Application.Unittests.csproj", "{FB4489FD-E00E-43EA-9391-39237D0B861B}"
EndProject
Project("{FAE04EC0-301F-11D3-BF4B-00C04F79EFBC}") = "Library", "Library\Library.csproj", "{C3DE5B35-F5CF-4568-94D2-8A7CCCAD7AE3}"
EndProject
Project("{FAE04EC0-301F-11D3-BF4B-00C04F79EFBC}") = "Library.Unittests", "Library.Unittests\Library.Unittests.csproj", "{505B6B95-B2F8-4123-AEE2-901BC08B784E}"
EndProject
Project("{FAE04EC0-301F-11D3-BF4B-00C04F79EFBC}") = "Application.IntegrationTests", "Application.IntegrationTests\Application.IntegrationTests.csproj", "{E8D0B672-6228-4C59-B8B9-5D24D1BA9C83}"
EndProject
Global
	GlobalSection(SolutionConfigurationPlatforms) = preSolution
		Debug|Any CPU = Debug|Any CPU
		Release|Any CPU = Release|Any CPU
	EndGlobalSection
	GlobalSection(ProjectConfigurationPlatforms) = postSolution
		{69D89638-DC76-4192-9863-6F52EBB8A5BF}.Debug|Any CPU.ActiveCfg = Debug|Any CPU
		{69D89638-DC76-4192-9863-6F52EBB8A5BF}.Debug|Any CPU.Build.0 = Debug|Any CPU
		{69D89638-DC76-4192-9863-6F52EBB8A5BF}.Release|Any CPU.ActiveCfg = Release|Any CPU
		{69D89638-DC76-4192-9863-6F52EBB8A5BF}.Release|Any CPU.Build.0 = Release|Any CPU
		{FB4489FD-E00E-43EA-9391-39237D0B861B}.Debug|Any CPU.ActiveCfg = Debug|Any CPU
		{FB4489FD-E00E-43EA-9391-39237D0B861B}.Debug|Any CPU.Build.0 = Debug|Any CPU
		{FB4489FD-E00E-43EA-9391-39237D0B861B}.Release|Any CPU.ActiveCfg = Release|Any CPU
		{FB4489FD-E00E-43EA-9391-39237D0B861B}.Release|Any CPU.Build.0 = Release|Any CPU
		{C3DE5B35-F5CF-4568-94D2-8A7CCCAD7AE3}.Debug|Any CPU.ActiveCfg = Debug|Any CPU
		{C3DE5B35-F5CF-4568-94D2-8A7CCCAD7AE3}.Debug|Any CPU.Build.0 = Debug|Any CPU
		{C3DE5B35-F5CF-4568-94D2-8A7CCCAD7AE3}.Release|Any CPU.ActiveCfg = Release|Any CPU
		{C3DE5B35-F5CF-4568-94D2-8A7CCCAD7AE3}.Release|Any CPU.Build.0 = Release|Any CPU
		{505B6B95-B2F8-4123-AEE2-901BC08B784E}.Debug|Any CPU.ActiveCfg = Debug|Any CPU
		{505B6B95-B2F8-4123-AEE2-901BC08B784E}.Debug|Any CPU.Build.0 = Debug|Any CPU
		{505B6B95-B2F8-4123-AEE2-901BC08B784E}.Release|Any CPU.ActiveCfg = Release|Any CPU
		{505B6B95-B2F8-4123-AEE2-901BC08B784E}.Release|Any CPU.Build.0 = Release|Any CPU
		{E8D0B672-6228-4C59-B8B9-5D24D1BA9C83}.Debug|Any CPU.ActiveCfg = Debug|Any CPU
		{E8D0B672-6228-4C59-B8B9-5D24D1BA9C83}.Debug|Any CPU.Build.0 = Debug|Any CPU
		{E8D0B672-6228-4C59-B8B9-5D24D1BA9C83}.Release|Any CPU.ActiveCfg = Release|Any CPU
		{E8D0B672-6228-4C59-B8B9-5D24D1BA9C83}.Release|Any CPU.Build.0 = Release|Any CPU
	EndGlobalSection
	GlobalSection(SolutionProperties) = preSolution
		HideSolutionNode = FALSE
	EndGlobalSection
EndGlobal
